// !$*UTF8*$!
{
	archiveVersion = 1;
	classes = {
	};
	objectVersion = 55;
	objects = {

/* Begin PBXBuildFile section */
		14DD5C5728CE23B800E4D466 /* AppDelegate.swift in Sources */ = {isa = PBXBuildFile; fileRef = 14DD5C5628CE23B800E4D466 /* AppDelegate.swift */; };
		14DD5C5928CE23B800E4D466 /* SceneDelegate.swift in Sources */ = {isa = PBXBuildFile; fileRef = 14DD5C5828CE23B800E4D466 /* SceneDelegate.swift */; };
		14DD5C5B28CE23B800E4D466 /* View.swift in Sources */ = {isa = PBXBuildFile; fileRef = 14DD5C5A28CE23B800E4D466 /* View.swift */; };
		14DD5C6028CE23BA00E4D466 /* Assets.xcassets in Resources */ = {isa = PBXBuildFile; fileRef = 14DD5C5F28CE23BA00E4D466 /* Assets.xcassets */; };
		14DD5C6328CE23BA00E4D466 /* LaunchScreen.storyboard in Resources */ = {isa = PBXBuildFile; fileRef = 14DD5C6128CE23BA00E4D466 /* LaunchScreen.storyboard */; };
		14DD5C6D28CE248E00E4D466 /* UIViewExtension.swift in Sources */ = {isa = PBXBuildFile; fileRef = 14DD5C6C28CE248E00E4D466 /* UIViewExtension.swift */; };
		14DD5C6F28CE26D600E4D466 /* Assets.swift in Sources */ = {isa = PBXBuildFile; fileRef = 14DD5C6E28CE26D600E4D466 /* Assets.swift */; };
		14DD5C7128CE6E0100E4D466 /* ViewModel.swift in Sources */ = {isa = PBXBuildFile; fileRef = 14DD5C7028CE6E0100E4D466 /* ViewModel.swift */; };
/* End PBXBuildFile section */

/* Begin PBXFileReference section */
		14DD5C5328CE23B800E4D466 /* JogoDaVelha.app */ = {isa = PBXFileReference; explicitFileType = wrapper.application; includeInIndex = 0; path = JogoDaVelha.app; sourceTree = BUILT_PRODUCTS_DIR; };
		14DD5C5628CE23B800E4D466 /* AppDelegate.swift */ = {isa = PBXFileReference; lastKnownFileType = sourcecode.swift; path = AppDelegate.swift; sourceTree = "<group>"; };
		14DD5C5828CE23B800E4D466 /* SceneDelegate.swift */ = {isa = PBXFileReference; lastKnownFileType = sourcecode.swift; path = SceneDelegate.swift; sourceTree = "<group>"; };
		14DD5C5A28CE23B800E4D466 /* View.swift */ = {isa = PBXFileReference; lastKnownFileType = sourcecode.swift; path = View.swift; sourceTree = "<group>"; };
		14DD5C5F28CE23BA00E4D466 /* Assets.xcassets */ = {isa = PBXFileReference; lastKnownFileType = folder.assetcatalog; path = Assets.xcassets; sourceTree = "<group>"; };
		14DD5C6228CE23BA00E4D466 /* Base */ = {isa = PBXFileReference; lastKnownFileType = file.storyboard; name = Base; path = Base.lproj/LaunchScreen.storyboard; sourceTree = "<group>"; };
		14DD5C6428CE23BA00E4D466 /* Info.plist */ = {isa = PBXFileReference; lastKnownFileType = text.plist.xml; path = Info.plist; sourceTree = "<group>"; };
		14DD5C6C28CE248E00E4D466 /* UIViewExtension.swift */ = {isa = PBXFileReference; lastKnownFileType = sourcecode.swift; path = UIViewExtension.swift; sourceTree = "<group>"; };
		14DD5C6E28CE26D600E4D466 /* Assets.swift */ = {isa = PBXFileReference; lastKnownFileType = sourcecode.swift; path = Assets.swift; sourceTree = "<group>"; };
		14DD5C7028CE6E0100E4D466 /* ViewModel.swift */ = {isa = PBXFileReference; lastKnownFileType = sourcecode.swift; path = ViewModel.swift; sourceTree = "<group>"; };
/* End PBXFileReference section */

/* Begin PBXFrameworksBuildPhase section */
		14DD5C5028CE23B800E4D466 /* Frameworks */ = {
			isa = PBXFrameworksBuildPhase;
			buildActionMask = 2147483647;
			files = (
			);
			runOnlyForDeploymentPostprocessing = 0;
		};
/* End PBXFrameworksBuildPhase section */

/* Begin PBXGroup section */
		14DD5C4A28CE23B800E4D466 = {
			isa = PBXGroup;
			children = (
				14DD5C5528CE23B800E4D466 /* JogoDaVelha */,
				14DD5C5428CE23B800E4D466 /* Products */,
			);
			sourceTree = "<group>";
		};
		14DD5C5428CE23B800E4D466 /* Products */ = {
			isa = PBXGroup;
			children = (
				14DD5C5328CE23B800E4D466 /* JogoDaVelha.app */,
			);
			name = Products;
			sourceTree = "<group>";
		};
		14DD5C5528CE23B800E4D466 /* JogoDaVelha */ = {
			isa = PBXGroup;
			children = (
				14DD5C6B28CE243A00E4D466 /* AppUtils */,
				14DD5C6A28CE242500E4D466 /* AppDelegate */,
				14DD5C5A28CE23B800E4D466 /* View.swift */,
				14DD5C7028CE6E0100E4D466 /* ViewModel.swift */,
				14DD5C6128CE23BA00E4D466 /* LaunchScreen.storyboard */,
				14DD5C6428CE23BA00E4D466 /* Info.plist */,
			);
			path = JogoDaVelha;
			sourceTree = "<group>";
		};
		14DD5C6A28CE242500E4D466 /* AppDelegate */ = {
			isa = PBXGroup;
			children = (
				14DD5C5628CE23B800E4D466 /* AppDelegate.swift */,
				14DD5C5828CE23B800E4D466 /* SceneDelegate.swift */,
			);
			path = AppDelegate;
			sourceTree = "<group>";
		};
		14DD5C6B28CE243A00E4D466 /* AppUtils */ = {
			isa = PBXGroup;
			children = (
				14DD5C6C28CE248E00E4D466 /* UIViewExtension.swift */,
				14DD5C5F28CE23BA00E4D466 /* Assets.xcassets */,
				14DD5C6E28CE26D600E4D466 /* Assets.swift */,
			);
			path = AppUtils;
			sourceTree = "<group>";
		};
/* End PBXGroup section */

/* Begin PBXNativeTarget section */
		14DD5C5228CE23B800E4D466 /* JogoDaVelha */ = {
			isa = PBXNativeTarget;
			buildConfigurationList = 14DD5C6728CE23BA00E4D466 /* Build configuration list for PBXNativeTarget "JogoDaVelha" */;
			buildPhases = (
				14DD5C4F28CE23B800E4D466 /* Sources */,
				14DD5C5028CE23B800E4D466 /* Frameworks */,
				14DD5C5128CE23B800E4D466 /* Resources */,
			);
			buildRules = (
			);
			dependencies = (
			);
			name = JogoDaVelha;
			productName = JogoDaVelha;
			productReference = 14DD5C5328CE23B800E4D466 /* JogoDaVelha.app */;
			productType = "com.apple.product-type.application";
		};
/* End PBXNativeTarget section */

/* Begin PBXProject section */
		14DD5C4B28CE23B800E4D466 /* Project object */ = {
			isa = PBXProject;
			attributes = {
				BuildIndependentTargetsInParallel = 1;
				LastSwiftUpdateCheck = 1340;
				LastUpgradeCheck = 1340;
				TargetAttributes = {
					14DD5C5228CE23B800E4D466 = {
						CreatedOnToolsVersion = 13.4.1;
					};
				};
			};
			buildConfigurationList = 14DD5C4E28CE23B800E4D466 /* Build configuration list for PBXProject "JogoDaVelha" */;
			compatibilityVersion = "Xcode 13.0";
			developmentRegion = en;
			hasScannedForEncodings = 0;
			knownRegions = (
				en,
				Base,
			);
			mainGroup = 14DD5C4A28CE23B800E4D466;
			productRefGroup = 14DD5C5428CE23B800E4D466 /* Products */;
			projectDirPath = "";
			projectRoot = "";
			targets = (
				14DD5C5228CE23B800E4D466 /* JogoDaVelha */,
			);
		};
/* End PBXProject section */

/* Begin PBXResourcesBuildPhase section */
		14DD5C5128CE23B800E4D466 /* Resources */ = {
			isa = PBXResourcesBuildPhase;
			buildActionMask = 2147483647;
			files = (
				14DD5C6328CE23BA00E4D466 /* LaunchScreen.storyboard in Resources */,
				14DD5C6028CE23BA00E4D466 /* Assets.xcassets in Resources */,
			);
			runOnlyForDeploymentPostprocessing = 0;
		};
/* End PBXResourcesBuildPhase section */

/* Begin PBXSourcesBuildPhase section */
		14DD5C4F28CE23B800E4D466 /* Sources */ = {
			isa = PBXSourcesBuildPhase;
			buildActionMask = 2147483647;
			files = (
				14DD5C5B28CE23B800E4D466 /* View.swift in Sources */,
				14DD5C5728CE23B800E4D466 /* AppDelegate.swift in Sources */,
				14DD5C6D28CE248E00E4D466 /* UIViewExtension.swift in Sources */,
				14DD5C6F28CE26D600E4D466 /* Assets.swift in Sources */,
				14DD5C7128CE6E0100E4D466 /* ViewModel.swift in Sources */,
				14DD5C5928CE23B800E4D466 /* SceneDelegate.swift in Sources */,
			);
			runOnlyForDeploymentPostprocessing = 0;
		};
/* End PBXSourcesBuildPhase section */

/* Begin PBXVariantGroup section */
		14DD5C6128CE23BA00E4D466 /* LaunchScreen.storyboard */ = {
			isa = PBXVariantGroup;
			children = (
				14DD5C6228CE23BA00E4D466 /* Base */,
			);
			name = LaunchScreen.storyboard;
			sourceTree = "<group>";
		};
/* End PBXVariantGroup section */

/* Begin XCBuildConfiguration section */
		14DD5C6528CE23BA00E4D466 /* Debug */ = {
			isa = XCBuildConfiguration;
			buildSettings = {
				ALWAYS_SEARCH_USER_PATHS = NO;
				CLANG_ANALYZER_NONNULL = YES;
				CLANG_ANALYZER_NUMBER_OBJECT_CONVERSION = YES_AGGRESSIVE;
				CLANG_CXX_LANGUAGE_STANDARD = "gnu++17";
				CLANG_ENABLE_MODULES = YES;
				CLANG_ENABLE_OBJC_ARC = YES;
				CLANG_ENABLE_OBJC_WEAK = YES;
				CLANG_WARN_BLOCK_CAPTURE_AUTORELEASING = YES;
				CLANG_WARN_BOOL_CONVERSION = YES;
				CLANG_WARN_COMMA = YES;
				CLANG_WARN_CONSTANT_CONVERSION = YES;
				CLANG_WARN_DEPRECATED_OBJC_IMPLEMENTATIONS = YES;
				CLANG_WARN_DIRECT_OBJC_ISA_USAGE = YES_ERROR;
				CLANG_WARN_DOCUMENTATION_COMMENTS = YES;
				CLANG_WARN_EMPTY_BODY = YES;
				CLANG_WARN_ENUM_CONVERSION = YES;
				CLANG_WARN_INFINITE_RECURSION = YES;
				CLANG_WARN_INT_CONVERSION = YES;
				CLANG_WARN_NON_LITERAL_NULL_CONVERSION = YES;
				CLANG_WARN_OBJC_IMPLICIT_RETAIN_SELF = YES;
				CLANG_WARN_OBJC_LITERAL_CONVERSION = YES;
				CLANG_WARN_OBJC_ROOT_CLASS = YES_ERROR;
				CLANG_WARN_QUOTED_INCLUDE_IN_FRAMEWORK_HEADER = YES;
				CLANG_WARN_RANGE_LOOP_ANALYSIS = YES;
				CLANG_WARN_STRICT_PROTOTYPES = YES;
				CLANG_WARN_SUSPICIOUS_MOVE = YES;
				CLANG_WARN_UNGUARDED_AVAILABILITY = YES_AGGRESSIVE;
				CLANG_WARN_UNREACHABLE_CODE = YES;
				CLANG_WARN__DUPLICATE_METHOD_MATCH = YES;
				COPY_PHASE_STRIP = NO;
				DEBUG_INFORMATION_FORMAT = dwarf;
				ENABLE_STRICT_OBJC_MSGSEND = YES;
				ENABLE_TESTABILITY = YES;
				GCC_C_LANGUAGE_STANDARD = gnu11;
				GCC_DYNAMIC_NO_PIC = NO;
				GCC_NO_COMMON_BLOCKS = YES;
				GCC_OPTIMIZATION_LEVEL = 0;
				GCC_PREPROCESSOR_DEFINITIONS = (
					"DEBUG=1",
					"$(inherited)",
				);
				GCC_WARN_64_TO_32_BIT_CONVERSION = YES;
				GCC_WARN_ABOUT_RETURN_TYPE = YES_ERROR;
				GCC_WARN_UNDECLARED_SELECTOR = YES;
				GCC_WARN_UNINITIALIZED_AUTOS = YES_AGGRESSIVE;
				GCC_WARN_UNUSED_FUNCTION = YES;
				GCC_WARN_UNUSED_VARIABLE = YES;
				IPHONEOS_DEPLOYMENT_TARGET = 15.5;
				MTL_ENABLE_DEBUG_INFO = INCLUDE_SOURCE;
				MTL_FAST_MATH = YES;
				ONLY_ACTIVE_ARCH = YES;
				SDKROOT = iphoneos;
				SWIFT_ACTIVE_COMPILATION_CONDITIONS = DEBUG;
				SWIFT_OPTIMIZATION_LEVEL = "-Onone";
			};
			name = Debug;
		};
		14DD5C6628CE23BA00E4D466 /* Release */ = {
			isa = XCBuildConfiguration;
			buildSettings = {
				ALWAYS_SEARCH_USER_PATHS = NO;
				CLANG_ANALYZER_NONNULL = YES;
				CLANG_ANALYZER_NUMBER_OBJECT_CONVERSION = YES_AGGRESSIVE;
				CLANG_CXX_LANGUAGE_STANDARD = "gnu++17";
				CLANG_ENABLE_MODULES = YES;
				CLANG_ENABLE_OBJC_ARC = YES;
				CLANG_ENABLE_OBJC_WEAK = YES;
				CLANG_WARN_BLOCK_CAPTURE_AUTORELEASING = YES;
				CLANG_WARN_BOOL_CONVERSION = YES;
				CLANG_WARN_COMMA = YES;
				CLANG_WARN_CONSTANT_CONVERSION = YES;
				CLANG_WARN_DEPRECATED_OBJC_IMPLEMENTATIONS = YES;
				CLANG_WARN_DIRECT_OBJC_ISA_USAGE = YES_ERROR;
				CLANG_WARN_DOCUMENTATION_COMMENTS = YES;
				CLANG_WARN_EMPTY_BODY = YES;
				CLANG_WARN_ENUM_CONVERSION = YES;
				CLANG_WARN_INFINITE_RECURSION = YES;
				CLANG_WARN_INT_CONVERSION = YES;
				CLANG_WARN_NON_LITERAL_NULL_CONVERSION = YES;
				CLANG_WARN_OBJC_IMPLICIT_RETAIN_SELF = YES;
				CLANG_WARN_OBJC_LITERAL_CONVERSION = YES;
				CLANG_WARN_OBJC_ROOT_CLASS = YES_ERROR;
				CLANG_WARN_QUOTED_INCLUDE_IN_FRAMEWORK_HEADER = YES;
				CLANG_WARN_RANGE_LOOP_ANALYSIS = YES;
				CLANG_WARN_STRICT_PROTOTYPES = YES;
				CLANG_WARN_SUSPICIOUS_MOVE = YES;
				CLANG_WARN_UNGUARDED_AVAILABILITY = YES_AGGRESSIVE;
				CLANG_WARN_UNREACHABLE_CODE = YES;
				CLANG_WARN__DUPLICATE_METHOD_MATCH = YES;
				COPY_PHASE_STRIP = NO;
				DEBUG_INFORMATION_FORMAT = "dwarf-with-dsym";
				ENABLE_NS_ASSERTIONS = NO;
				ENABLE_STRICT_OBJC_MSGSEND = YES;
				GCC_C_LANGUAGE_STANDARD = gnu11;
				GCC_NO_COMMON_BLOCKS = YES;
				GCC_WARN_64_TO_32_BIT_CONVERSION = YES;
				GCC_WARN_ABOUT_RETURN_TYPE = YES_ERROR;
				GCC_WARN_UNDECLARED_SELECTOR = YES;
				GCC_WARN_UNINITIALIZED_AUTOS = YES_AGGRESSIVE;
				GCC_WARN_UNUSED_FUNCTION = YES;
				GCC_WARN_UNUSED_VARIABLE = YES;
				IPHONEOS_DEPLOYMENT_TARGET = 15.5;
				MTL_ENABLE_DEBUG_INFO = NO;
				MTL_FAST_MATH = YES;
				SDKROOT = iphoneos;
				SWIFT_COMPILATION_MODE = wholemodule;
				SWIFT_OPTIMIZATION_LEVEL = "-O";
				VALIDATE_PRODUCT = YES;
			};
			name = Release;
		};
		14DD5C6828CE23BA00E4D466 /* Debug */ = {
			isa = XCBuildConfiguration;
			buildSettings = {
				ASSETCATALOG_COMPILER_APPICON_NAME = AppIcon;
				ASSETCATALOG_COMPILER_GLOBAL_ACCENT_COLOR_NAME = AccentColor;
				CODE_SIGN_STYLE = Automatic;
				CURRENT_PROJECT_VERSION = 1;
				GENERATE_INFOPLIST_FILE = YES;
				INFOPLIST_FILE = JogoDaVelha/Info.plist;
				INFOPLIST_KEY_UIApplicationSupportsIndirectInputEvents = YES;
				INFOPLIST_KEY_UILaunchStoryboardName = LaunchScreen;
				INFOPLIST_KEY_UISupportedInterfaceOrientations_iPad = "UIInterfaceOrientationPortrait UIInterfaceOrientationPortraitUpsideDown UIInterfaceOrientationLandscapeLeft UIInterfaceOrientationLandscapeRight";
				INFOPLIST_KEY_UISupportedInterfaceOrientations_iPhone = "UIInterfaceOrientationPortrait UIInterfaceOrientationLandscapeLeft UIInterfaceOrientationLandscapeRight";
				LD_RUNPATH_SEARCH_PATHS = (
					"$(inherited)",
					"@executable_path/Frameworks",
				);
				MARKETING_VERSION = 1.0;
				PRODUCT_BUNDLE_IDENTIFIER = "-Sys.JogoDaVelha";
				PRODUCT_NAME = "$(TARGET_NAME)";
				SWIFT_EMIT_LOC_STRINGS = YES;
				SWIFT_VERSION = 5.0;
				TARGETED_DEVICE_FAMILY = "1,2";
			};
			name = Debug;
		};
		14DD5C6928CE23BA00E4D466 /* Release */ = {
			isa = XCBuildConfiguration;
			buildSettings = {
				ASSETCATALOG_COMPILER_APPICON_NAME = AppIcon;
				ASSETCATALOG_COMPILER_GLOBAL_ACCENT_COLOR_NAME = AccentColor;
				CODE_SIGN_STYLE = Automatic;
				CURRENT_PROJECT_VERSION = 1;
				GENERATE_INFOPLIST_FILE = YES;
				INFOPLIST_FILE = JogoDaVelha/Info.plist;
				INFOPLIST_KEY_UIApplicationSupportsIndirectInputEvents = YES;
				INFOPLIST_KEY_UILaunchStoryboardName = LaunchScreen;
				INFOPLIST_KEY_UISupportedInterfaceOrientations_iPad = "UIInterfaceOrientationPortrait UIInterfaceOrientationPortraitUpsideDown UIInterfaceOrientationLandscapeLeft UIInterfaceOrientationLandscapeRight";
				INFOPLIST_KEY_UISupportedInterfaceOrientations_iPhone = "UIInterfaceOrientationPortrait UIInterfaceOrientationLandscapeLeft UIInterfaceOrientationLandscapeRight";
				LD_RUNPATH_SEARCH_PATHS = (
					"$(inherited)",
					"@executable_path/Frameworks",
				);
				MARKETING_VERSION = 1.0;
				PRODUCT_BUNDLE_IDENTIFIER = "-Sys.JogoDaVelha";
				PRODUCT_NAME = "$(TARGET_NAME)";
				SWIFT_EMIT_LOC_STRINGS = YES;
				SWIFT_VERSION = 5.0;
				TARGETED_DEVICE_FAMILY = "1,2";
			};
			name = Release;
		};
/* End XCBuildConfiguration section */

/* Begin XCConfigurationList section */
		14DD5C4E28CE23B800E4D466 /* Build configuration list for PBXProject "JogoDaVelha" */ = {
			isa = XCConfigurationList;
			buildConfigurations = (
				14DD5C6528CE23BA00E4D466 /* Debug */,
				14DD5C6628CE23BA00E4D466 /* Release */,
			);
			defaultConfigurationIsVisible = 0;
			defaultConfigurationName = Release;
		};
		14DD5C6728CE23BA00E4D466 /* Build configuration list for PBXNativeTarget "JogoDaVelha" */ = {
			isa = XCConfigurationList;
			buildConfigurations = (
				14DD5C6828CE23BA00E4D466 /* Debug */,
				14DD5C6928CE23BA00E4D466 /* Release */,
			);
			defaultConfigurationIsVisible = 0;
			defaultConfigurationName = Release;
		};
/* End XCConfigurationList section */
	};
	rootObject = 14DD5C4B28CE23B800E4D466 /* Project object */;
}
